
Microsoft Visual Studio Solution File, Format Version 12.00
# Visual Studio Version 17
VisualStudioVersion = 17.6.33829.357
MinimumVisualStudioVersion = 10.0.40219.1
Project("{FAE04EC0-301F-11D3-BF4B-00C04F79EFBC}") = "Taerefas", "Taerefas\Taerefas.csproj", "{4774879F-F8CA-40BC-AD71-AEAFE176D613}"
EndProject
Global
	GlobalSection(SolutionConfigurationPlatforms) = preSolution
		Debug|Any CPU = Debug|Any CPU
		Release|Any CPU = Release|Any CPU
	EndGlobalSection
	GlobalSection(ProjectConfigurationPlatforms) = postSolution
		{4774879F-F8CA-40BC-AD71-AEAFE176D613}.Debug|Any CPU.ActiveCfg = Debug|Any CPU
		{4774879F-F8CA-40BC-AD71-AEAFE176D613}.Debug|Any CPU.Build.0 = Debug|Any CPU
		{4774879F-F8CA-40BC-AD71-AEAFE176D613}.Release|Any CPU.ActiveCfg = Release|Any CPU
		{4774879F-F8CA-40BC-AD71-AEAFE176D613}.Release|Any CPU.Build.0 = Release|Any CPU
	EndGlobalSection
	GlobalSection(SolutionProperties) = preSolution
		HideSolutionNode = FALSE
	EndGlobalSection
	GlobalSection(ExtensibilityGlobals) = postSolution
		SolutionGuid = {BC193F97-602C-4343-9787-99BC5D7DFA4D}
	EndGlobalSection
EndGlobal
